
Microsoft Visual Studio Solution File, Format Version 12.00
# Visual Studio Version 17
VisualStudioVersion = 17.7.34009.444
MinimumVisualStudioVersion = 10.0.40219.1
Project("{FAE04EC0-301F-11D3-BF4B-00C04F79EFBC}") = "discord-bot-core", "discord-bot-core.csproj", "{2ED40385-58C8-4F55-A68D-1CAB4F85BC4F}"
EndProject
Global
	GlobalSection(SolutionConfigurationPlatforms) = preSolution
		Debug|Any CPU = Debug|Any CPU
		Release|Any CPU = Release|Any CPU
	EndGlobalSection
	GlobalSection(ProjectConfigurationPlatforms) = postSolution
		{2ED40385-58C8-4F55-A68D-1CAB4F85BC4F}.Debug|Any CPU.ActiveCfg = Debug|Any CPU
		{2ED40385-58C8-4F55-A68D-1CAB4F85BC4F}.Debug|Any CPU.Build.0 = Debug|Any CPU
		{2ED40385-58C8-4F55-A68D-1CAB4F85BC4F}.Release|Any CPU.ActiveCfg = Release|Any CPU
		{2ED40385-58C8-4F55-A68D-1CAB4F85BC4F}.Release|Any CPU.Build.0 = Release|Any CPU
	EndGlobalSection
	GlobalSection(SolutionProperties) = preSolution
		HideSolutionNode = FALSE
	EndGlobalSection
	GlobalSection(ExtensibilityGlobals) = postSolution
		SolutionGuid = {51263AFA-3C81-4025-9CDB-25F294F85D78}
	EndGlobalSection
EndGlobal
